
Microsoft Visual Studio Solution File, Format Version 12.00
# Visual Studio Version 17
VisualStudioVersion = 17.11.35312.102
MinimumVisualStudioVersion = 10.0.40219.1
Project("{FAE04EC0-301F-11D3-BF4B-00C04F79EFBC}") = "TequilasRestaurant", "TequilasRestaurant.csproj", "{AF7F99AC-AD43-49E9-9A65-A87B38FE90E4}"
EndProject
Global
	GlobalSection(SolutionConfigurationPlatforms) = preSolution
		Debug|Any CPU = Debug|Any CPU
		Release|Any CPU = Release|Any CPU
	EndGlobalSection
	GlobalSection(ProjectConfigurationPlatforms) = postSolution
		{AF7F99AC-AD43-49E9-9A65-A87B38FE90E4}.Debug|Any CPU.ActiveCfg = Debug|Any CPU
		{AF7F99AC-AD43-49E9-9A65-A87B38FE90E4}.Debug|Any CPU.Build.0 = Debug|Any CPU
		{AF7F99AC-AD43-49E9-9A65-A87B38FE90E4}.Release|Any CPU.ActiveCfg = Release|Any CPU
		{AF7F99AC-AD43-49E9-9A65-A87B38FE90E4}.Release|Any CPU.Build.0 = Release|Any CPU
	EndGlobalSection
	GlobalSection(SolutionProperties) = preSolution
		HideSolutionNode = FALSE
	EndGlobalSection
	GlobalSection(ExtensibilityGlobals) = postSolution
		SolutionGuid = {0263D87B-14FE-4637-8F38-245B9EA28CB9}
	EndGlobalSection
EndGlobal
